# This file is @generated by PDM.
# It is not intended for manual editing.

[[package]]
name = "attrs"
version = "22.1.0"
requires_python = ">=3.5"
summary = "Classes Without Boilerplate"

[[package]]
name = "colorama"
version = "0.4.5"
requires_python = ">=2.7, !=3.0.*, !=3.1.*, !=3.2.*, !=3.3.*, !=3.4.*"
summary = "Cross-platform colored terminal text."

[[package]]
name = "coverage"
version = "6.5.0"
requires_python = ">=3.7"
summary = "Code coverage measurement for Python"

[[package]]
name = "fix-future-annotations"
version = "0.5.0"
requires_python = ">=3.8"
summary = "A CLI and pre-commit hook to upgrade the typing annotations syntax to PEP 585 and PEP 604"
dependencies = [
    "tokenize-rt>=5.0.0",
    "tomli; python_version < \"3.11\"",
]

[[package]]
name = "iniconfig"
version = "1.1.1"
summary = "iniconfig: brain-dead simple config-ini parsing"

[[package]]
name = "packaging"
version = "21.3"
requires_python = ">=3.6"
summary = "Core utilities for Python packages"
dependencies = [
    "pyparsing!=3.0.5,>=2.0.2",
]

[[package]]
name = "pluggy"
version = "1.0.0"
requires_python = ">=3.6"
summary = "plugin and hook calling mechanisms for python"

[[package]]
name = "py"
version = "1.11.0"
requires_python = ">=2.7, !=3.0.*, !=3.1.*, !=3.2.*, !=3.3.*, !=3.4.*"
summary = "library with cross-python path, ini-parsing, io, code, log facilities"

[[package]]
name = "pyparsing"
version = "3.0.9"
requires_python = ">=3.6.8"
summary = "pyparsing module - Classes and methods to define and execute parsing grammars"

[[package]]
name = "pytest"
version = "7.1.3"
requires_python = ">=3.7"
summary = "pytest: simple powerful testing with Python"
dependencies = [
    "attrs>=19.2.0",
    "colorama; sys_platform == \"win32\"",
    "iniconfig",
    "packaging",
    "pluggy<2.0,>=0.12",
    "py>=1.8.2",
    "tomli>=1.0.0",
]

[[package]]
name = "tarina"
version = "0.3.0"
requires_python = ">=3.8"
summary = "A collection of common utils for Arclet"
dependencies = [
    "typing-extensions>=4.4.0",
]

[[package]]
name = "tokenize-rt"
version = "5.0.0"
requires_python = ">=3.7"
summary = "A wrapper around the stdlib `tokenize` which roundtrips."

[[package]]
name = "tomli"
version = "2.0.1"
requires_python = ">=3.7"
summary = "A lil' TOML parser"

[[package]]
name = "typing-extensions"
version = "4.5.0"
requires_python = ">=3.7"
summary = "Backported and Experimental Type Hints for Python 3.7+"

[metadata]
lock_version = "4.1"
content_hash = "sha256:22dcced7977e3d700d0d54d413da08c26322447e2ee6bc4ba2f6a1c57cbf8ea9"

[metadata.files]
"attrs 22.1.0" = [
    {url = "https://files.pythonhosted.org/packages/1a/cb/c4ffeb41e7137b23755a45e1bfec9cbb76ecf51874c6f1d113984ecaa32c/attrs-22.1.0.tar.gz", hash = "sha256:29adc2665447e5191d0e7c568fde78b21f9672d344281d0c6e1ab085429b22b6"},
    {url = "https://files.pythonhosted.org/packages/f2/bc/d817287d1aa01878af07c19505fafd1165cd6a119e9d0821ca1d1c20312d/attrs-22.1.0-py2.py3-none-any.whl", hash = "sha256:86efa402f67bf2df34f51a335487cf46b1ec130d02b8d39fd248abfd30da551c"},
]
"colorama 0.4.5" = [
    {url = "https://files.pythonhosted.org/packages/2b/65/24d033a9325ce42ccbfa3ca2d0866c7e89cc68e5b9d92ecaba9feef631df/colorama-0.4.5.tar.gz", hash = "sha256:e6c6b4334fc50988a639d9b98aa429a0b57da6e17b9a44f0451f930b6967b7a4"},
    {url = "https://files.pythonhosted.org/packages/77/8b/7550e87b2d308a1b711725dfaddc19c695f8c5fa413c640b2be01662f4e6/colorama-0.4.5-py2.py3-none-any.whl", hash = "sha256:854bf444933e37f5824ae7bfc1e98d5bce2ebe4160d46b5edf346a89358e99da"},
]
"coverage 6.5.0" = [
    {url = "https://files.pythonhosted.org/packages/02/7a/a45f3958442d50b9a930a62f0dba9ee502521213ebd016203c2890ea212f/coverage-6.5.0-cp38-cp38-manylinux_2_5_i686.manylinux1_i686.manylinux_2_17_i686.manylinux2014_i686.whl", hash = "sha256:20c8ac5386253717e5ccc827caad43ed66fea0efe255727b1053a8154d952398"},
    {url = "https://files.pythonhosted.org/packages/05/63/a789b462075395d34f8152229dccf92b25ca73eac05b3f6cd75fa5017095/coverage-6.5.0-cp38-cp38-macosx_10_9_x86_64.whl", hash = "sha256:d900bb429fdfd7f511f868cedd03a6bbb142f3f9118c09b99ef8dc9bf9643c3c"},
    {url = "https://files.pythonhosted.org/packages/06/f1/5177428c35f331f118e964f727f79e3a3073a10271a644c8361d3cea8bfd/coverage-6.5.0-cp38-cp38-win_amd64.whl", hash = "sha256:7ccf362abd726b0410bf8911c31fbf97f09f8f1061f8c1cf03dfc4b6372848f6"},
    {url = "https://files.pythonhosted.org/packages/07/82/79fa21ceca9a9b091eb3c67e27eb648dade27b2c9e1eb23af47232a2a365/coverage-6.5.0-cp38-cp38-macosx_11_0_arm64.whl", hash = "sha256:2198ea6fc548de52adc826f62cb18554caedfb1d26548c1b7c88d8f7faa8f6ba"},
    {url = "https://files.pythonhosted.org/packages/0d/ef/8735875a8dc09e1c4e484a5436c8b4148731b70daccc6f203c50b05e7505/coverage-6.5.0-cp37-cp37m-manylinux_2_5_x86_64.manylinux1_x86_64.manylinux_2_17_x86_64.manylinux2014_x86_64.whl", hash = "sha256:027018943386e7b942fa832372ebc120155fd970837489896099f5cfa2890f79"},
    {url = "https://files.pythonhosted.org/packages/10/9e/68e384940179713640743a010ac7f7c813d1087c8730a9c0bdfa73bdffd7/coverage-6.5.0-cp310-cp310-musllinux_1_1_aarch64.whl", hash = "sha256:97117225cdd992a9c2a5515db1f66b59db634f59d0679ca1fa3fe8da32749cae"},
    {url = "https://files.pythonhosted.org/packages/11/9e/7afba355bdabc550b3b2669e3432e71aec87d79400372d7686c09aab0acf/coverage-6.5.0-cp310-cp310-win32.whl", hash = "sha256:5dbec3b9095749390c09ab7c89d314727f18800060d8d24e87f01fb9cfb40b32"},
    {url = "https://files.pythonhosted.org/packages/13/f3/c6025ba30f2ce21d20d5332c3819880fe8afdfc008c2e2f9c075c7b67543/coverage-6.5.0-cp310-cp310-manylinux_2_5_i686.manylinux1_i686.manylinux_2_17_i686.manylinux2014_i686.whl", hash = "sha256:83516205e254a0cb77d2d7bb3632ee019d93d9f4005de31dca0a8c3667d5bc04"},
    {url = "https://files.pythonhosted.org/packages/15/b0/3639d84ee8a900da0cf6450ab46e22517e4688b6cec0ba8ab6f8166103a2/coverage-6.5.0-cp310-cp310-manylinux_2_17_aarch64.manylinux2014_aarch64.whl", hash = "sha256:b4a5be1748d538a710f87542f22c2cad22f80545a847ad91ce45e77417293eb4"},
    {url = "https://files.pythonhosted.org/packages/18/95/27f80dcd8273171b781a19d109aeaed7f13d78ef6d1e2f7134a5826fd1b4/coverage-6.5.0-cp39-cp39-manylinux_2_17_aarch64.manylinux2014_aarch64.whl", hash = "sha256:b9023e237f4c02ff739581ef35969c3739445fb059b060ca51771e69101efffe"},
    {url = "https://files.pythonhosted.org/packages/2f/8b/ca3fe3cfbd66d63181f6e6a06b8b494bb327ba8222d2fa628b392b9ad08a/coverage-6.5.0-cp310-cp310-musllinux_1_1_i686.whl", hash = "sha256:a1170fa54185845505fbfa672f1c1ab175446c887cce8212c44149581cf2d466"},
    {url = "https://files.pythonhosted.org/packages/32/40/e2b1ffa42028365e3465d1340e7d390d096fc992dec2c80e4afed6361e83/coverage-6.5.0-cp37-cp37m-win32.whl", hash = "sha256:b5604380f3415ba69de87a289a2b56687faa4fe04dbee0754bfcae433489316b"},
    {url = "https://files.pythonhosted.org/packages/36/f3/5cbd79cf4cd059c80b59104aca33b8d05af4ad5bf5b1547645ecee716378/coverage-6.5.0-cp311-cp311-manylinux_2_17_aarch64.manylinux2014_aarch64.whl", hash = "sha256:c4ed2820d919351f4167e52425e096af41bfabacb1857186c1ea32ff9983ed75"},
    {url = "https://files.pythonhosted.org/packages/3c/7d/d5211ea782b193ab8064b06dc0cc042cf1a4ca9c93a530071459172c550f/coverage-6.5.0-cp310-cp310-manylinux_2_5_x86_64.manylinux1_x86_64.manylinux_2_17_x86_64.manylinux2014_x86_64.whl", hash = "sha256:af4fffaffc4067232253715065e30c5a7ec6faac36f8fc8d6f64263b15f74db0"},
    {url = "https://files.pythonhosted.org/packages/40/3b/cd68cb278c4966df00158811ec1e357b9a7d132790c240fc65da57e10013/coverage-6.5.0-cp38-cp38-manylinux_2_17_aarch64.manylinux2014_aarch64.whl", hash = "sha256:6c4459b3de97b75e3bd6b7d4b7f0db13f17f504f3d13e2a7c623786289dd670e"},
    {url = "https://files.pythonhosted.org/packages/4b/66/6e588f5dfc93ccedd06d6785c8143f17bb92b89247d50128d8789e9588d0/coverage-6.5.0-cp311-cp311-musllinux_1_1_x86_64.whl", hash = "sha256:cca4435eebea7962a52bdb216dec27215d0df64cf27fc1dd538415f5d2b9da6b"},
    {url = "https://files.pythonhosted.org/packages/50/cf/455930004231fa87efe8be06d13512f34e070ddfee8b8bf5a050cdc47ab3/coverage-6.5.0-cp311-cp311-macosx_10_9_x86_64.whl", hash = "sha256:4a5375e28c5191ac38cca59b38edd33ef4cc914732c916f2929029b4bfb50795"},
    {url = "https://files.pythonhosted.org/packages/58/2c/213861cec1d9f6451d29c0b1838769b558f6a8c6844b001f6e98c37c4b1b/coverage-6.5.0-cp39-cp39-musllinux_1_1_i686.whl", hash = "sha256:42eafe6778551cf006a7c43153af1211c3aaab658d4d66fa5fcc021613d02518"},
    {url = "https://files.pythonhosted.org/packages/5c/66/38d1870cb7cf62da49add1d6803fdbcdef632b2808b5c80bcac35b7634d8/coverage-6.5.0.tar.gz", hash = "sha256:f642e90754ee3e06b0e7e51bce3379590e76b7f76b708e1a71ff043f87025c84"},
    {url = "https://files.pythonhosted.org/packages/61/a6/af54588e2091693026df94b09106ee10dcbcdc8c9b2c3989149e6e44a324/coverage-6.5.0-cp37-cp37m-macosx_10_9_x86_64.whl", hash = "sha256:4433b90fae13f86fafff0b326453dd42fc9a639a0d9e4eec4d366436d1a41b6d"},
    {url = "https://files.pythonhosted.org/packages/63/e9/f23e8664ec4032d7802a1cf920853196bcbdce7b56408e3efe1b2da08f3c/coverage-6.5.0-cp39-cp39-macosx_11_0_arm64.whl", hash = "sha256:95203854f974e07af96358c0b261f1048d8e1083f2de9b1c565e1be4a3a48cfc"},
    {url = "https://files.pythonhosted.org/packages/64/7f/13f5d58f5ca41182d7020af5257c8fd08ddf33921d2a28cf66753571c278/coverage-6.5.0-cp37-cp37m-musllinux_1_1_x86_64.whl", hash = "sha256:12adf310e4aafddc58afdb04d686795f33f4d7a6fa67a7a9d4ce7d6ae24d949f"},
    {url = "https://files.pythonhosted.org/packages/6a/63/8e82513b7e4a1b8d887b4e85c1c2b6c9b754a581b187c0b084f3330ac479/coverage-6.5.0-cp311-cp311-manylinux_2_5_x86_64.manylinux1_x86_64.manylinux_2_17_x86_64.manylinux2014_x86_64.whl", hash = "sha256:a8fb6cf131ac4070c9c5a3e21de0f7dc5a0fbe8bc77c9456ced896c12fcdad91"},
    {url = "https://files.pythonhosted.org/packages/6b/ba/ef67c1e859b8ddd8cafb81199986ff702efcd4ee5d373670a0bc0a293d1f/coverage-6.5.0-cp37-cp37m-manylinux_2_5_i686.manylinux1_i686.manylinux_2_17_i686.manylinux2014_i686.whl", hash = "sha256:94e2565443291bd778421856bc975d351738963071e9b8839ca1fc08b42d4bef"},
    {url = "https://files.pythonhosted.org/packages/6b/f2/919f0fdc93d3991ca074894402074d847be8ac1e1d78e7e9e1c371b69a6f/coverage-6.5.0-cp39-cp39-manylinux_2_5_x86_64.manylinux1_x86_64.manylinux_2_17_x86_64.manylinux2014_x86_64.whl", hash = "sha256:8f830ed581b45b82451a40faabb89c84e1a998124ee4212d440e9c6cf70083e5"},
    {url = "https://files.pythonhosted.org/packages/6e/e6/b31a4b2aa9489da59b35ee0ea4259d6fe9b321a1eaa6492f19342d03d53b/coverage-6.5.0-pp36.pp37.pp38-none-any.whl", hash = "sha256:1431986dac3923c5945271f169f59c45b8802a114c8f548d611f2015133df77a"},
    {url = "https://files.pythonhosted.org/packages/76/44/78c1936c2bd9e7705f170d5e413ed34d9d6d7d0324757786627f88df1514/coverage-6.5.0-cp37-cp37m-musllinux_1_1_i686.whl", hash = "sha256:851cf4ff24062c6aec510a454b2584f6e998cada52d4cb58c5e233d07172e50c"},
    {url = "https://files.pythonhosted.org/packages/78/98/253ce0cfcc3b352d3072940940ed44a035614f2abe781477f77038d21d9f/coverage-6.5.0-cp311-cp311-musllinux_1_1_i686.whl", hash = "sha256:1ef221513e6f68b69ee9e159506d583d31aa3567e0ae84eaad9d6ec1107dddaa"},
    {url = "https://files.pythonhosted.org/packages/85/03/9dcc8b7e269cfeaf5519d433d841a7d78f283c5fb016385d4690e1aedfc1/coverage-6.5.0-cp37-cp37m-manylinux_2_17_aarch64.manylinux2014_aarch64.whl", hash = "sha256:f4f05d88d9a80ad3cac6244d36dd89a3c00abc16371769f1340101d3cb899fc3"},
    {url = "https://files.pythonhosted.org/packages/89/58/5ec19b43a6511288511f64fc4763d95af8403f5926e7e4556e6b29b03a26/coverage-6.5.0-cp311-cp311-manylinux_2_5_i686.manylinux1_i686.manylinux_2_17_i686.manylinux2014_i686.whl", hash = "sha256:33a7da4376d5977fbf0a8ed91c4dffaaa8dbf0ddbf4c8eea500a2486d8bc4d7b"},
    {url = "https://files.pythonhosted.org/packages/89/a2/cbf599e50bb4be416e0408c4cf523c354c51d7da39935461a9687e039481/coverage-6.5.0-cp310-cp310-macosx_11_0_arm64.whl", hash = "sha256:784f53ebc9f3fd0e2a3f6a78b2be1bd1f5575d7863e10c6e12504f240fd06660"},
    {url = "https://files.pythonhosted.org/packages/8f/17/e1d54e0e5a1e82dea1b1d9463dfe347ded58037beda00d326f943a9ef2d4/coverage-6.5.0-cp39-cp39-win32.whl", hash = "sha256:d9ecf0829c6a62b9b573c7bb6d4dcd6ba8b6f80be9ba4fc7ed50bf4ac9aecd72"},
    {url = "https://files.pythonhosted.org/packages/a1/6b/7efeeffc7559150a705931b2144b936042c561e63ef248f0e0d9f4523d74/coverage-6.5.0-cp38-cp38-musllinux_1_1_i686.whl", hash = "sha256:de3001a203182842a4630e7b8d1a2c7c07ec1b45d3084a83d5d227a3806f530f"},
    {url = "https://files.pythonhosted.org/packages/a3/a0/4c59586df0511b18f7b59593672a4baadacef8f393024052d59c6222477c/coverage-6.5.0-cp38-cp38-musllinux_1_1_aarch64.whl", hash = "sha256:dbdb91cd8c048c2b09eb17713b0c12a54fbd587d79adcebad543bc0cd9a3410b"},
    {url = "https://files.pythonhosted.org/packages/a8/d9/b367c52cb1297414ba967e38fe9b5338ee4700a2d1592fc78532dc9f882f/coverage-6.5.0-cp39-cp39-musllinux_1_1_aarch64.whl", hash = "sha256:7b6be138d61e458e18d8e6ddcddd36dd96215edfe5f1168de0b1b32635839b62"},
    {url = "https://files.pythonhosted.org/packages/ac/bc/c9d4fd6b3494d2cc1e26f4b98eb19206b92a59094617ad02d5689ac9d3c4/coverage-6.5.0-cp311-cp311-musllinux_1_1_aarch64.whl", hash = "sha256:a6b7d95969b8845250586f269e81e5dfdd8ff828ddeb8567a4a2eaa7313460c4"},
    {url = "https://files.pythonhosted.org/packages/ae/a3/f45cb5d32de0751863945d22083c15eb8854bb53681b2e792f2066c629b9/coverage-6.5.0-cp310-cp310-win_amd64.whl", hash = "sha256:59f53f1dc5b656cafb1badd0feb428c1e7bc19b867479ff72f7a9dd9b479f10e"},
    {url = "https://files.pythonhosted.org/packages/b6/08/a88a9f3a11bb2d97c7a6719535a984b009728433838fbc65766488867c80/coverage-6.5.0-cp39-cp39-win_amd64.whl", hash = "sha256:fc2af30ed0d5ae0b1abdb4ebdce598eafd5b35397d4d75deb341a614d333d987"},
    {url = "https://files.pythonhosted.org/packages/bd/a0/e263b115808226fdb2658f1887808c06ac3f1b579ef5dda02309e0d54459/coverage-6.5.0-cp38-cp38-manylinux_2_5_x86_64.manylinux1_x86_64.manylinux_2_17_x86_64.manylinux2014_x86_64.whl", hash = "sha256:6b07130585d54fe8dff3d97b93b0e20290de974dc8177c320aeaf23459219c0b"},
    {url = "https://files.pythonhosted.org/packages/c0/18/2a0a9b3c29376ce04ceb7ca2948559dad76409a2c9b3f664756581101e16/coverage-6.5.0-cp310-cp310-musllinux_1_1_x86_64.whl", hash = "sha256:11b990d520ea75e7ee8dcab5bc908072aaada194a794db9f6d7d5cfd19661e5a"},
    {url = "https://files.pythonhosted.org/packages/c4/8d/5ec7d08f4601d2d792563fe31db5e9322c306848fec1e65ec8885927f739/coverage-6.5.0-cp310-cp310-macosx_10_9_x86_64.whl", hash = "sha256:ef8674b0ee8cc11e2d574e3e2998aea5df5ab242e012286824ea3c6970580e53"},
    {url = "https://files.pythonhosted.org/packages/c8/e8/e712b61abf1282ce3ac9826473ab4b245a4319303cce2e4115a8de1435f2/coverage-6.5.0-cp39-cp39-musllinux_1_1_x86_64.whl", hash = "sha256:723e8130d4ecc8f56e9a611e73b31219595baa3bb252d539206f7bbbab6ffc1f"},
    {url = "https://files.pythonhosted.org/packages/cd/48/65d314e702b4a7095ea96da0a319a5a377e594354a4a6badde483832bb5a/coverage-6.5.0-cp37-cp37m-musllinux_1_1_aarch64.whl", hash = "sha256:255758a1e3b61db372ec2736c8e2a1fdfaf563977eedbdf131de003ca5779b7d"},
    {url = "https://files.pythonhosted.org/packages/d6/00/3e12af83af2a46c1fd27b78486f404736934d0288bda4975119611a01cb3/coverage-6.5.0-cp37-cp37m-win_amd64.whl", hash = "sha256:4a8dbc1f0fbb2ae3de73eb0bdbb914180c7abfbf258e90b311dcd4f585d44bd2"},
    {url = "https://files.pythonhosted.org/packages/d6/0f/012a7370aaf61123a222b34b657dedc63e03ce2af8d064ac5c5afe14f29c/coverage-6.5.0-cp39-cp39-manylinux_2_5_i686.manylinux1_i686.manylinux_2_17_i686.manylinux2014_i686.whl", hash = "sha256:265de0fa6778d07de30bcf4d9dc471c3dc4314a23a3c6603d356a3c9abc2dfcf"},
    {url = "https://files.pythonhosted.org/packages/e5/fb/11982f5faf2990d4d9159e01a12bbf0a7d7873893d4d2e2acec012ad69ae/coverage-6.5.0-cp38-cp38-musllinux_1_1_x86_64.whl", hash = "sha256:e07f4a4a9b41583d6eabec04f8b68076ab3cd44c20bd29332c6572dda36f372e"},
    {url = "https://files.pythonhosted.org/packages/e6/24/7fe8ededb4060dd8c3f1d86cb624fcb3452f66fbef5051ed7fab126c5c0c/coverage-6.5.0-cp311-cp311-win_amd64.whl", hash = "sha256:bc8ef5e043a2af066fa8cbfc6e708d58017024dc4345a1f9757b329a249f041b"},
    {url = "https://files.pythonhosted.org/packages/e9/f0/3be949bd129237553714149b1909d34c94137ca4b86e036bc7060431da18/coverage-6.5.0-cp38-cp38-win32.whl", hash = "sha256:6d4817234349a80dbf03640cec6109cd90cba068330703fa65ddf56b60223a6d"},
    {url = "https://files.pythonhosted.org/packages/ea/52/c08080405329326a7ff16c0dfdb4feefaa8edd7446413df67386fe1bbfe0/coverage-6.5.0-cp39-cp39-macosx_10_9_x86_64.whl", hash = "sha256:633713d70ad6bfc49b34ead4060531658dc6dfc9b3eb7d8a716d5873377ab745"},
    {url = "https://files.pythonhosted.org/packages/ff/27/339089b558672f04e62d0cd2d49b9280270bad3bc95de24e7eb03deb4638/coverage-6.5.0-cp311-cp311-win32.whl", hash = "sha256:98e8a10b7a314f454d9eff4216a9a94d143a7ee65018dd12442e898ee2310578"},
]
"fix-future-annotations 0.5.0" = [
    {url = "https://files.pythonhosted.org/packages/15/56/d5ebafd3f1c46b43d5edd491359a870e224613ada3d1b6358a114d68d59e/fix-future-annotations-0.5.0.tar.gz", hash = "sha256:666bf5fd09068f3403b34b2dc69844955a4a7bac4df28dd345183bd18172cbfd"},
    {url = "https://files.pythonhosted.org/packages/19/eb/7f2e259f542145d7bc4f4d664b7d9dedfa9da6ac564efeac3c5e6fa2cb33/fix_future_annotations-0.5.0-py3-none-any.whl", hash = "sha256:45b5e73b36c514a23c2fbb2b7ff26448496399bda3b98a7b78a14439639f2e59"},
]
"iniconfig 1.1.1" = [
    {url = "https://files.pythonhosted.org/packages/23/a2/97899f6bd0e873fed3a7e67ae8d3a08b21799430fb4da15cfedf10d6e2c2/iniconfig-1.1.1.tar.gz", hash = "sha256:bc3af051d7d14b2ee5ef9969666def0cd1a000e121eaea580d4a313df4b37f32"},
    {url = "https://files.pythonhosted.org/packages/9b/dd/b3c12c6d707058fa947864b67f0c4e0c39ef8610988d7baea9578f3c48f3/iniconfig-1.1.1-py2.py3-none-any.whl", hash = "sha256:011e24c64b7f47f6ebd835bb12a743f2fbe9a26d4cecaa7f53bc4f35ee9da8b3"},
]
"packaging 21.3" = [
    {url = "https://files.pythonhosted.org/packages/05/8e/8de486cbd03baba4deef4142bd643a3e7bbe954a784dc1bb17142572d127/packaging-21.3-py3-none-any.whl", hash = "sha256:ef103e05f519cdc783ae24ea4e2e0f508a9c99b2d4969652eed6a2e1ea5bd522"},
    {url = "https://files.pythonhosted.org/packages/df/9e/d1a7217f69310c1db8fdf8ab396229f55a699ce34a203691794c5d1cad0c/packaging-21.3.tar.gz", hash = "sha256:dd47c42927d89ab911e606518907cc2d3a1f38bbd026385970643f9c5b8ecfeb"},
]
"pluggy 1.0.0" = [
    {url = "https://files.pythonhosted.org/packages/9e/01/f38e2ff29715251cf25532b9082a1589ab7e4f571ced434f98d0139336dc/pluggy-1.0.0-py2.py3-none-any.whl", hash = "sha256:74134bbf457f031a36d68416e1509f34bd5ccc019f0bcc952c7b909d06b37bd3"},
    {url = "https://files.pythonhosted.org/packages/a1/16/db2d7de3474b6e37cbb9c008965ee63835bba517e22cdb8c35b5116b5ce1/pluggy-1.0.0.tar.gz", hash = "sha256:4224373bacce55f955a878bf9cfa763c1e360858e330072059e10bad68531159"},
]
"py 1.11.0" = [
    {url = "https://files.pythonhosted.org/packages/98/ff/fec109ceb715d2a6b4c4a85a61af3b40c723a961e8828319fbcb15b868dc/py-1.11.0.tar.gz", hash = "sha256:51c75c4126074b472f746a24399ad32f6053d1b34b68d2fa41e558e6f4a98719"},
    {url = "https://files.pythonhosted.org/packages/f6/f0/10642828a8dfb741e5f3fbaac830550a518a775c7fff6f04a007259b0548/py-1.11.0-py2.py3-none-any.whl", hash = "sha256:607c53218732647dff4acdfcd50cb62615cedf612e72d1724fb1a0cc6405b378"},
]
"pyparsing 3.0.9" = [
    {url = "https://files.pythonhosted.org/packages/6c/10/a7d0fa5baea8fe7b50f448ab742f26f52b80bfca85ac2be9d35cdd9a3246/pyparsing-3.0.9-py3-none-any.whl", hash = "sha256:5026bae9a10eeaefb61dab2f09052b9f4307d44aee4eda64b309723d8d206bbc"},
    {url = "https://files.pythonhosted.org/packages/71/22/207523d16464c40a0310d2d4d8926daffa00ac1f5b1576170a32db749636/pyparsing-3.0.9.tar.gz", hash = "sha256:2b020ecf7d21b687f219b71ecad3631f644a47f01403fa1d1036b0c6416d70fb"},
]
"pytest 7.1.3" = [
    {url = "https://files.pythonhosted.org/packages/a4/a7/8c63a4966935b0d0b039fd67ebf2e1ae00f1af02ceb912d838814d772a9a/pytest-7.1.3.tar.gz", hash = "sha256:4f365fec2dff9c1162f834d9f18af1ba13062db0c708bf7b946f8a5c76180c39"},
    {url = "https://files.pythonhosted.org/packages/e3/b9/3541bbcb412a9fd56593005ff32183825634ef795a1c01ceb6dee86e7259/pytest-7.1.3-py3-none-any.whl", hash = "sha256:1377bda3466d70b55e3f5cecfa55bb7cfcf219c7964629b967c37cf0bda818b7"},
]
"tarina 0.3.0" = [
    {url = "https://files.pythonhosted.org/packages/02/d0/0754aa2242797e8dad90d3b59d3a54e2de4d332dd53b25055bc10ba06f54/tarina-0.3.0-cp311-cp311-win32.whl", hash = "sha256:3c367d94b59a4dccdc9daabf7db0ea3c329151b24194de301a5b9ab72a52148a"},
    {url = "https://files.pythonhosted.org/packages/03/99/01170f91c0adec5d43fcbab6a9954c79649f07d69f3c9459e7a357068d53/tarina-0.3.0-cp39-cp39-win_amd64.whl", hash = "sha256:cceb97386460605d733b15bfff8219498f1220b04d9b27c5247f9c82196004c8"},
    {url = "https://files.pythonhosted.org/packages/0c/13/e39a67bc223bc47e1eb21cadd55f1c02d7f154b79a2419bd6500ff264fc8/tarina-0.3.0-cp38-cp38-win_amd64.whl", hash = "sha256:acc3f37b5e99b6f870988411723c46367780af82f2f2e1c32ea14bcbcc0b8e2d"},
    {url = "https://files.pythonhosted.org/packages/0e/11/2ba94ded33433abaa32c2869ac0eadd4bc594db3be1fa1541d5604abbda7/tarina-0.3.0-cp311-cp311-musllinux_1_1_i686.whl", hash = "sha256:2f9f61b0a3c01f27c7c5c7dc9dbbb89e26a8defbad8654db90a8cd86c8bfb1b2"},
    {url = "https://files.pythonhosted.org/packages/12/12/a9cdf2871b0830c43872fc189485b5a35148f26388d35dbb357cd3f2c7d5/tarina-0.3.0-cp38-cp38-manylinux_2_5_i686.manylinux1_i686.manylinux_2_17_i686.manylinux2014_i686.whl", hash = "sha256:416305b0dcb8776d83de362906bd9437ce70ce6671ead7e6bcbefd0b76af0ec7"},
    {url = "https://files.pythonhosted.org/packages/16/d2/54b5c988f7326fc12382adb5bac92b5633c65463e579a2fd73ceacbf1c02/tarina-0.3.0-cp311-cp311-manylinux_2_5_i686.manylinux1_i686.manylinux_2_17_i686.manylinux2014_i686.whl", hash = "sha256:11e364424f46e565f5a6f23668161f1707230092292356427b7194cabbc90e13"},
    {url = "https://files.pythonhosted.org/packages/1a/26/68b3b54d5200379a2c40dbfea4f7bd60967d0775aa89f87d59749edda4b0/tarina-0.3.0-cp310-cp310-macosx_10_9_x86_64.whl", hash = "sha256:f48039150e53020bcaa044168e99352a478102e98924679f7d4b72f51579b273"},
    {url = "https://files.pythonhosted.org/packages/1d/77/18fc654f57f722b9ff27262d3e8c0c802575782f3722b8845a58a29b59cd/tarina-0.3.0-cp38-cp38-win32.whl", hash = "sha256:9c34b7774f864eeaddecbc92d045f31831fda0d534e364a42fd384d29be8ddf2"},
    {url = "https://files.pythonhosted.org/packages/23/cb/ead38c050f694b8857d5a73983cb60abcf85a824520904596ca6135bd0bb/tarina-0.3.0-cp311-cp311-macosx_10_9_x86_64.whl", hash = "sha256:777fcb7bea636ffe7a5f047a7a42996f7476d828b4bcd3271af8ec132ea11844"},
    {url = "https://files.pythonhosted.org/packages/2d/19/45c7c3c7509973f2dec5d14872bc969a832e8a758be0dd1e3ebab1b72843/tarina-0.3.0-cp38-cp38-macosx_10_9_universal2.whl", hash = "sha256:8ec0b2254f4c3facac3e13a28d01d0b65bee655021eabc7eb81ac46a1361c90d"},
    {url = "https://files.pythonhosted.org/packages/35/5f/2391a603144233e42452fd7c3a5971c90d61e037b59cb9e629d9bd85f696/tarina-0.3.0-cp310-cp310-macosx_10_9_universal2.whl", hash = "sha256:7d49d264a080f83edcc4b3e2e84e8b3a5efad2b2328a6c867ab0402da0653441"},
    {url = "https://files.pythonhosted.org/packages/45/5d/155d7e1d7baf9b230d0850b7b7d886b0dcd0148c154d9ca4406c65d5644c/tarina-0.3.0-cp38-cp38-macosx_11_0_arm64.whl", hash = "sha256:c4fbb1deb2bd66f71dcb528923472b44862966802c21e060445954e21ee76405"},
    {url = "https://files.pythonhosted.org/packages/47/f0/8494969c2f68a259c6dce0f0971e6d0a0a7b7d7f130862f42fdfa27d8e91/tarina-0.3.0-cp39-cp39-macosx_11_0_arm64.whl", hash = "sha256:7b84abf91eae2484e2f623a4bf9672b881c6f60fd8c67c34cd6ab2bcd9f8397c"},
    {url = "https://files.pythonhosted.org/packages/5d/6f/9e16fb84e6fb2d13f01e14282ad1857cc222c5ab60ab004b27f5bb454fa9/tarina-0.3.0-cp310-cp310-macosx_11_0_arm64.whl", hash = "sha256:f1016836d219e520b36b252081a99f98b527b914a335dd6a21991e4691eeb4ae"},
    {url = "https://files.pythonhosted.org/packages/5f/08/ff81ace6f41bd634ad13936c8260e1e5541afe1a50a6f4902007c171df6d/tarina-0.3.0-cp39-cp39-musllinux_1_1_i686.whl", hash = "sha256:9182373dcd35bae9c916d38b82cc58a9d5e8f4ec5c1158fcb1aa632463812674"},
    {url = "https://files.pythonhosted.org/packages/64/10/cfb57e9af84528fb07520f063fedef99c36f7c8f7f90b3d47e7ad0aa3144/tarina-0.3.0-cp39-cp39-macosx_10_9_universal2.whl", hash = "sha256:89e20c2fc62f4b3bdeb397653b9f17d8183c5a80a378b74b5669c7ae9c43dfd3"},
    {url = "https://files.pythonhosted.org/packages/6a/80/125ee926adbd25ad7808bda07bc78d6193ee43f79c01d47bb77b4b89d11d/tarina-0.3.0-cp310-cp310-manylinux_2_5_x86_64.manylinux1_x86_64.manylinux_2_17_x86_64.manylinux2014_x86_64.whl", hash = "sha256:140d0b10b92535ce5f3714b1e4e67f9f1eea5482294ef05cee739de749761062"},
    {url = "https://files.pythonhosted.org/packages/6f/41/7847411906ed07c7309268c751dd9c6a0877cd7f7da0ea755563c5416af2/tarina-0.3.0-cp311-cp311-win_amd64.whl", hash = "sha256:78453406757bb2843a238ed7d7ec106412f8372b54201ee203c5c7cc00b1436a"},
    {url = "https://files.pythonhosted.org/packages/6f/f0/1749495eb5b45b4ea96ea02fc5fbde12bf7e57868158b0f4884db9a56bdf/tarina-0.3.0-cp310-cp310-win_amd64.whl", hash = "sha256:80b3f0f6610cabc1bc5ee814d11858c89620a3c5641fa0ee87d1bcd0ee58675c"},
    {url = "https://files.pythonhosted.org/packages/7b/47/542568f1b39b44febaf9b7aeb9be4f905c5fee067c2145e8c2f0a6048ae4/tarina-0.3.0-cp310-cp310-musllinux_1_1_i686.whl", hash = "sha256:dc59ebc9f448c8d6531315bcc137e6efa6a7dd83c1baf526975b50de3032da38"},
    {url = "https://files.pythonhosted.org/packages/81/5a/c5ba63726a4c6c6cffc8939439524c4a8d8787796e535cde49e80f08a6b8/tarina-0.3.0-cp39-cp39-manylinux_2_5_x86_64.manylinux1_x86_64.manylinux_2_17_x86_64.manylinux2014_x86_64.whl", hash = "sha256:7329e13cb4052fdba35e387b08523c1332d2a07ea897cc13477fb579b9b4de90"},
    {url = "https://files.pythonhosted.org/packages/8a/4d/c155a6338a08d835a44787c545c9b2de3e083852634e4a3bb2811e60dda4/tarina-0.3.0-cp38-cp38-musllinux_1_1_i686.whl", hash = "sha256:5a73a101b46d3f1394e4d4d14e1a39191ca7a5e1d3e96829e7cc41d6ad2c4bea"},
    {url = "https://files.pythonhosted.org/packages/8c/70/ec11ab276b315af4dbbcce014edb25c1ecab00c9dd5aca4a6a2a6773524a/tarina-0.3.0-cp39-cp39-macosx_10_9_x86_64.whl", hash = "sha256:c54e437d7c0efb2cda18bec6af650480a5a3bc5c521f1c48f93fd0b9fb066625"},
    {url = "https://files.pythonhosted.org/packages/8c/d3/25dc8f3dcb736b7c7571a54069257f36e61492b34a5122405d0b3e07c93d/tarina-0.3.0.tar.gz", hash = "sha256:a0a780f631b0d6cac40633d867c0ff6b9bf3db6f69acee31e71bb2a0a8fb6a1e"},
    {url = "https://files.pythonhosted.org/packages/8e/90/e8535a9a563d46ea35f86d7bb6c60bd20321d09877f6843d6f62754dc254/tarina-0.3.0-cp38-cp38-macosx_10_9_x86_64.whl", hash = "sha256:dd370e81da6afd86b9384f23eddeaa6df966cbbf8534366438e1f9a0e7e3342f"},
    {url = "https://files.pythonhosted.org/packages/92/7b/c44dd79bed284d579124a25ba8a38e7a64531d4996e74b29aa21a55990b6/tarina-0.3.0-cp310-cp310-win32.whl", hash = "sha256:fdd2c2ce45aba5981bc6dad4819b52496bcd94ca67019f6c58b41ebc90c77a23"},
    {url = "https://files.pythonhosted.org/packages/9c/78/d5aa96c35c281de87f7dca1e5d240979492bbad74783f6fed13ad9a47cd7/tarina-0.3.0-cp311-cp311-macosx_10_9_universal2.whl", hash = "sha256:96d03841b1c0f77dd8d3ba5cf3ff52d3566ba033e5a1bb7b7cdd6ff8725f8c91"},
    {url = "https://files.pythonhosted.org/packages/b4/d8/a0444987d1a5f5713d44dbb8556be01e1125e1a4c3c5f7b4cce0037a91f3/tarina-0.3.0-cp311-cp311-manylinux_2_5_x86_64.manylinux1_x86_64.manylinux_2_17_x86_64.manylinux2014_x86_64.whl", hash = "sha256:ce4086a4203d2c2a6d296e73ec1fdbbfee4d03669129068fb443651d2b600d23"},
    {url = "https://files.pythonhosted.org/packages/b6/ae/fe4f7df5e14927b5075038039c671ec192342f6f3bf5fbf40a432a62d49b/tarina-0.3.0-cp311-cp311-macosx_11_0_arm64.whl", hash = "sha256:d3e40f801c956bf61403dd47ddeb4c0dc483c60e82ffc88423be6addca923e8a"},
    {url = "https://files.pythonhosted.org/packages/c2/26/9e866ad1de95ec10e27ec6258b325eadbe46a1adecd4d38e71ede12766e2/tarina-0.3.0-cp310-cp310-musllinux_1_1_x86_64.whl", hash = "sha256:3e9e46650af8e00f048f003020c0a215f7659e73c1b55c57605cd38e1d1e67f0"},
    {url = "https://files.pythonhosted.org/packages/cc/94/e6a5a36e93bdaad874d5ade3d62c20982523a0cdc3feb37e574d3b94deff/tarina-0.3.0-cp39-cp39-manylinux_2_5_i686.manylinux1_i686.manylinux_2_17_i686.manylinux2014_i686.whl", hash = "sha256:30d62403c1f5c02ca81aa7f21cedfad891c7831358701048b5bef689d4ccc07c"},
    {url = "https://files.pythonhosted.org/packages/d2/a2/fd86804ffe3b9be34f495c1498f89bd186e5783bbb321645f047aab71a49/tarina-0.3.0-cp39-cp39-musllinux_1_1_x86_64.whl", hash = "sha256:06c6b65437b887353ff4d5e5c81010c3f3be792b551b0bdefe358099195de233"},
    {url = "https://files.pythonhosted.org/packages/d8/c2/44090784165c445dd4fe36ad3a524dea5547825ffdddaeddeb5880d0d84b/tarina-0.3.0-cp310-cp310-manylinux_2_5_i686.manylinux1_i686.manylinux_2_17_i686.manylinux2014_i686.whl", hash = "sha256:2b7fb090f5e3aaeb4716d9175e52ec8dd856e57ad4420549fa51b9490d9e89d6"},
    {url = "https://files.pythonhosted.org/packages/e1/cc/a0379df0eba1027b6374a3ef68941f7f5527135535b15480eb6f8b1c687d/tarina-0.3.0-cp38-cp38-musllinux_1_1_x86_64.whl", hash = "sha256:0a126fb99c46454d674fd6b8336db053c4006c056b1e30f1f6cef58dd3a43c46"},
    {url = "https://files.pythonhosted.org/packages/e5/d8/3eaa579ff296bae91fc83d897db406c811c4b55ea624a7dca5a427008c63/tarina-0.3.0-cp38-cp38-manylinux_2_5_x86_64.manylinux1_x86_64.manylinux_2_17_x86_64.manylinux2014_x86_64.whl", hash = "sha256:771e5318ee16de6af29127ffd684549caf558294382ed496dd27916735f8d8a7"},
    {url = "https://files.pythonhosted.org/packages/ed/fc/81502ff63c012790bfe6aa70f1b6c682aafb935ade285b2c4b34528f93e3/tarina-0.3.0-cp39-cp39-win32.whl", hash = "sha256:3c57ca2417c0478cefa5897ea68333a326b3bf6a653b2f10a6e242f01059e80f"},
    {url = "https://files.pythonhosted.org/packages/f6/92/fc09e4693135410c776b19a8f98892418c00675d66c8fb5f24821b217076/tarina-0.3.0-cp311-cp311-musllinux_1_1_x86_64.whl", hash = "sha256:9cccac0ce4723f3a735a0d727471f32dd61b5b724f0b0af714c8158730abd376"},
]
"tokenize-rt 5.0.0" = [
    {url = "https://files.pythonhosted.org/packages/40/01/fb40ea8c465f680bf7aa3f5bee39c62ba8b7f52c38048c27aa95aff4f779/tokenize_rt-5.0.0.tar.gz", hash = "sha256:3160bc0c3e8491312d0485171dea861fc160a240f5f5766b72a1165408d10740"},
    {url = "https://files.pythonhosted.org/packages/8d/12/4c7495f25b4c9131706f3aaffb185d4de32c02a6ee49d875e929c5b7c919/tokenize_rt-5.0.0-py2.py3-none-any.whl", hash = "sha256:c67772c662c6b3dc65edf66808577968fb10badfc2042e3027196bed4daf9e5a"},
]
"tomli 2.0.1" = [
    {url = "https://files.pythonhosted.org/packages/97/75/10a9ebee3fd790d20926a90a2547f0bf78f371b2f13aa822c759680ca7b9/tomli-2.0.1-py3-none-any.whl", hash = "sha256:939de3e7a6161af0c887ef91b7d41a53e7c5a1ca976325f429cb46ea9bc30ecc"},
    {url = "https://files.pythonhosted.org/packages/c0/3f/d7af728f075fb08564c5949a9c95e44352e23dee646869fa104a3b2060a3/tomli-2.0.1.tar.gz", hash = "sha256:de526c12914f0c550d15924c62d72abc48d6fe7364aa87328337a31007fe8a4f"},
]
"typing-extensions 4.5.0" = [
    {url = "https://files.pythonhosted.org/packages/31/25/5abcd82372d3d4a3932e1fa8c3dbf9efac10cc7c0d16e78467460571b404/typing_extensions-4.5.0-py3-none-any.whl", hash = "sha256:fb33085c39dd998ac16d1431ebc293a8b3eedd00fd4a32de0ff79002c19511b4"},
    {url = "https://files.pythonhosted.org/packages/d3/20/06270dac7316220643c32ae61694e451c98f8caf4c8eab3aa80a2bedf0df/typing_extensions-4.5.0.tar.gz", hash = "sha256:5cb5f4a79139d699607b3ef622a1dedafa84e115ab0024e0d9c044a9479ca7cb"},
]
