# This file is @generated by PDM.
# It is not intended for manual editing.

[metadata]
groups = ["default", "dev"]
cross_platform = true
static_urls = false
lock_version = "4.3"
content_hash = "sha256:847dee5fed13f6ee532146c6d6bffe18f79537cb7d5418601fec4e50efefa7a0"

[[package]]
name = "attrs"
version = "22.1.0"
requires_python = ">=3.5"
summary = "Classes Without Boilerplate"
files = [
    {file = "attrs-22.1.0-py2.py3-none-any.whl", hash = "sha256:86efa402f67bf2df34f51a335487cf46b1ec130d02b8d39fd248abfd30da551c"},
    {file = "attrs-22.1.0.tar.gz", hash = "sha256:29adc2665447e5191d0e7c568fde78b21f9672d344281d0c6e1ab085429b22b6"},
]

[[package]]
name = "colorama"
version = "0.4.5"
requires_python = ">=2.7, !=3.0.*, !=3.1.*, !=3.2.*, !=3.3.*, !=3.4.*"
summary = "Cross-platform colored terminal text."
files = [
    {file = "colorama-0.4.5-py2.py3-none-any.whl", hash = "sha256:854bf444933e37f5824ae7bfc1e98d5bce2ebe4160d46b5edf346a89358e99da"},
    {file = "colorama-0.4.5.tar.gz", hash = "sha256:e6c6b4334fc50988a639d9b98aa429a0b57da6e17b9a44f0451f930b6967b7a4"},
]

[[package]]
name = "coverage"
version = "6.5.0"
requires_python = ">=3.7"
summary = "Code coverage measurement for Python"
files = [
    {file = "coverage-6.5.0-cp310-cp310-macosx_10_9_x86_64.whl", hash = "sha256:ef8674b0ee8cc11e2d574e3e2998aea5df5ab242e012286824ea3c6970580e53"},
    {file = "coverage-6.5.0-cp310-cp310-macosx_11_0_arm64.whl", hash = "sha256:784f53ebc9f3fd0e2a3f6a78b2be1bd1f5575d7863e10c6e12504f240fd06660"},
    {file = "coverage-6.5.0-cp310-cp310-manylinux_2_17_aarch64.manylinux2014_aarch64.whl", hash = "sha256:b4a5be1748d538a710f87542f22c2cad22f80545a847ad91ce45e77417293eb4"},
    {file = "coverage-6.5.0-cp310-cp310-manylinux_2_5_i686.manylinux1_i686.manylinux_2_17_i686.manylinux2014_i686.whl", hash = "sha256:83516205e254a0cb77d2d7bb3632ee019d93d9f4005de31dca0a8c3667d5bc04"},
    {file = "coverage-6.5.0-cp310-cp310-manylinux_2_5_x86_64.manylinux1_x86_64.manylinux_2_17_x86_64.manylinux2014_x86_64.whl", hash = "sha256:af4fffaffc4067232253715065e30c5a7ec6faac36f8fc8d6f64263b15f74db0"},
    {file = "coverage-6.5.0-cp310-cp310-musllinux_1_1_aarch64.whl", hash = "sha256:97117225cdd992a9c2a5515db1f66b59db634f59d0679ca1fa3fe8da32749cae"},
    {file = "coverage-6.5.0-cp310-cp310-musllinux_1_1_i686.whl", hash = "sha256:a1170fa54185845505fbfa672f1c1ab175446c887cce8212c44149581cf2d466"},
    {file = "coverage-6.5.0-cp310-cp310-musllinux_1_1_x86_64.whl", hash = "sha256:11b990d520ea75e7ee8dcab5bc908072aaada194a794db9f6d7d5cfd19661e5a"},
    {file = "coverage-6.5.0-cp310-cp310-win32.whl", hash = "sha256:5dbec3b9095749390c09ab7c89d314727f18800060d8d24e87f01fb9cfb40b32"},
    {file = "coverage-6.5.0-cp310-cp310-win_amd64.whl", hash = "sha256:59f53f1dc5b656cafb1badd0feb428c1e7bc19b867479ff72f7a9dd9b479f10e"},
    {file = "coverage-6.5.0-cp311-cp311-macosx_10_9_x86_64.whl", hash = "sha256:4a5375e28c5191ac38cca59b38edd33ef4cc914732c916f2929029b4bfb50795"},
    {file = "coverage-6.5.0-cp311-cp311-manylinux_2_17_aarch64.manylinux2014_aarch64.whl", hash = "sha256:c4ed2820d919351f4167e52425e096af41bfabacb1857186c1ea32ff9983ed75"},
    {file = "coverage-6.5.0-cp311-cp311-manylinux_2_5_i686.manylinux1_i686.manylinux_2_17_i686.manylinux2014_i686.whl", hash = "sha256:33a7da4376d5977fbf0a8ed91c4dffaaa8dbf0ddbf4c8eea500a2486d8bc4d7b"},
    {file = "coverage-6.5.0-cp311-cp311-manylinux_2_5_x86_64.manylinux1_x86_64.manylinux_2_17_x86_64.manylinux2014_x86_64.whl", hash = "sha256:a8fb6cf131ac4070c9c5a3e21de0f7dc5a0fbe8bc77c9456ced896c12fcdad91"},
    {file = "coverage-6.5.0-cp311-cp311-musllinux_1_1_aarch64.whl", hash = "sha256:a6b7d95969b8845250586f269e81e5dfdd8ff828ddeb8567a4a2eaa7313460c4"},
    {file = "coverage-6.5.0-cp311-cp311-musllinux_1_1_i686.whl", hash = "sha256:1ef221513e6f68b69ee9e159506d583d31aa3567e0ae84eaad9d6ec1107dddaa"},
    {file = "coverage-6.5.0-cp311-cp311-musllinux_1_1_x86_64.whl", hash = "sha256:cca4435eebea7962a52bdb216dec27215d0df64cf27fc1dd538415f5d2b9da6b"},
    {file = "coverage-6.5.0-cp311-cp311-win32.whl", hash = "sha256:98e8a10b7a314f454d9eff4216a9a94d143a7ee65018dd12442e898ee2310578"},
    {file = "coverage-6.5.0-cp311-cp311-win_amd64.whl", hash = "sha256:bc8ef5e043a2af066fa8cbfc6e708d58017024dc4345a1f9757b329a249f041b"},
    {file = "coverage-6.5.0-cp38-cp38-macosx_10_9_x86_64.whl", hash = "sha256:d900bb429fdfd7f511f868cedd03a6bbb142f3f9118c09b99ef8dc9bf9643c3c"},
    {file = "coverage-6.5.0-cp38-cp38-macosx_11_0_arm64.whl", hash = "sha256:2198ea6fc548de52adc826f62cb18554caedfb1d26548c1b7c88d8f7faa8f6ba"},
    {file = "coverage-6.5.0-cp38-cp38-manylinux_2_17_aarch64.manylinux2014_aarch64.whl", hash = "sha256:6c4459b3de97b75e3bd6b7d4b7f0db13f17f504f3d13e2a7c623786289dd670e"},
    {file = "coverage-6.5.0-cp38-cp38-manylinux_2_5_i686.manylinux1_i686.manylinux_2_17_i686.manylinux2014_i686.whl", hash = "sha256:20c8ac5386253717e5ccc827caad43ed66fea0efe255727b1053a8154d952398"},
    {file = "coverage-6.5.0-cp38-cp38-manylinux_2_5_x86_64.manylinux1_x86_64.manylinux_2_17_x86_64.manylinux2014_x86_64.whl", hash = "sha256:6b07130585d54fe8dff3d97b93b0e20290de974dc8177c320aeaf23459219c0b"},
    {file = "coverage-6.5.0-cp38-cp38-musllinux_1_1_aarch64.whl", hash = "sha256:dbdb91cd8c048c2b09eb17713b0c12a54fbd587d79adcebad543bc0cd9a3410b"},
    {file = "coverage-6.5.0-cp38-cp38-musllinux_1_1_i686.whl", hash = "sha256:de3001a203182842a4630e7b8d1a2c7c07ec1b45d3084a83d5d227a3806f530f"},
    {file = "coverage-6.5.0-cp38-cp38-musllinux_1_1_x86_64.whl", hash = "sha256:e07f4a4a9b41583d6eabec04f8b68076ab3cd44c20bd29332c6572dda36f372e"},
    {file = "coverage-6.5.0-cp38-cp38-win32.whl", hash = "sha256:6d4817234349a80dbf03640cec6109cd90cba068330703fa65ddf56b60223a6d"},
    {file = "coverage-6.5.0-cp38-cp38-win_amd64.whl", hash = "sha256:7ccf362abd726b0410bf8911c31fbf97f09f8f1061f8c1cf03dfc4b6372848f6"},
    {file = "coverage-6.5.0-cp39-cp39-macosx_10_9_x86_64.whl", hash = "sha256:633713d70ad6bfc49b34ead4060531658dc6dfc9b3eb7d8a716d5873377ab745"},
    {file = "coverage-6.5.0-cp39-cp39-macosx_11_0_arm64.whl", hash = "sha256:95203854f974e07af96358c0b261f1048d8e1083f2de9b1c565e1be4a3a48cfc"},
    {file = "coverage-6.5.0-cp39-cp39-manylinux_2_17_aarch64.manylinux2014_aarch64.whl", hash = "sha256:b9023e237f4c02ff739581ef35969c3739445fb059b060ca51771e69101efffe"},
    {file = "coverage-6.5.0-cp39-cp39-manylinux_2_5_i686.manylinux1_i686.manylinux_2_17_i686.manylinux2014_i686.whl", hash = "sha256:265de0fa6778d07de30bcf4d9dc471c3dc4314a23a3c6603d356a3c9abc2dfcf"},
    {file = "coverage-6.5.0-cp39-cp39-manylinux_2_5_x86_64.manylinux1_x86_64.manylinux_2_17_x86_64.manylinux2014_x86_64.whl", hash = "sha256:8f830ed581b45b82451a40faabb89c84e1a998124ee4212d440e9c6cf70083e5"},
    {file = "coverage-6.5.0-cp39-cp39-musllinux_1_1_aarch64.whl", hash = "sha256:7b6be138d61e458e18d8e6ddcddd36dd96215edfe5f1168de0b1b32635839b62"},
    {file = "coverage-6.5.0-cp39-cp39-musllinux_1_1_i686.whl", hash = "sha256:42eafe6778551cf006a7c43153af1211c3aaab658d4d66fa5fcc021613d02518"},
    {file = "coverage-6.5.0-cp39-cp39-musllinux_1_1_x86_64.whl", hash = "sha256:723e8130d4ecc8f56e9a611e73b31219595baa3bb252d539206f7bbbab6ffc1f"},
    {file = "coverage-6.5.0-cp39-cp39-win32.whl", hash = "sha256:d9ecf0829c6a62b9b573c7bb6d4dcd6ba8b6f80be9ba4fc7ed50bf4ac9aecd72"},
    {file = "coverage-6.5.0-cp39-cp39-win_amd64.whl", hash = "sha256:fc2af30ed0d5ae0b1abdb4ebdce598eafd5b35397d4d75deb341a614d333d987"},
    {file = "coverage-6.5.0-pp36.pp37.pp38-none-any.whl", hash = "sha256:1431986dac3923c5945271f169f59c45b8802a114c8f548d611f2015133df77a"},
    {file = "coverage-6.5.0.tar.gz", hash = "sha256:f642e90754ee3e06b0e7e51bce3379590e76b7f76b708e1a71ff043f87025c84"},
]

[[package]]
name = "fix-future-annotations"
version = "0.5.0"
requires_python = ">=3.8"
summary = "A CLI and pre-commit hook to upgrade the typing annotations syntax to PEP 585 and PEP 604"
dependencies = [
    "tokenize-rt>=5.0.0",
    "tomli; python_version < \"3.11\"",
]
files = [
    {file = "fix-future-annotations-0.5.0.tar.gz", hash = "sha256:666bf5fd09068f3403b34b2dc69844955a4a7bac4df28dd345183bd18172cbfd"},
    {file = "fix_future_annotations-0.5.0-py3-none-any.whl", hash = "sha256:45b5e73b36c514a23c2fbb2b7ff26448496399bda3b98a7b78a14439639f2e59"},
]

[[package]]
name = "iniconfig"
version = "1.1.1"
summary = "iniconfig: brain-dead simple config-ini parsing"
files = [
    {file = "iniconfig-1.1.1-py2.py3-none-any.whl", hash = "sha256:011e24c64b7f47f6ebd835bb12a743f2fbe9a26d4cecaa7f53bc4f35ee9da8b3"},
    {file = "iniconfig-1.1.1.tar.gz", hash = "sha256:bc3af051d7d14b2ee5ef9969666def0cd1a000e121eaea580d4a313df4b37f32"},
]

[[package]]
name = "packaging"
version = "21.3"
requires_python = ">=3.6"
summary = "Core utilities for Python packages"
dependencies = [
    "pyparsing!=3.0.5,>=2.0.2",
]
files = [
    {file = "packaging-21.3-py3-none-any.whl", hash = "sha256:ef103e05f519cdc783ae24ea4e2e0f508a9c99b2d4969652eed6a2e1ea5bd522"},
    {file = "packaging-21.3.tar.gz", hash = "sha256:dd47c42927d89ab911e606518907cc2d3a1f38bbd026385970643f9c5b8ecfeb"},
]

[[package]]
name = "pluggy"
version = "1.0.0"
requires_python = ">=3.6"
summary = "plugin and hook calling mechanisms for python"
files = [
    {file = "pluggy-1.0.0-py2.py3-none-any.whl", hash = "sha256:74134bbf457f031a36d68416e1509f34bd5ccc019f0bcc952c7b909d06b37bd3"},
    {file = "pluggy-1.0.0.tar.gz", hash = "sha256:4224373bacce55f955a878bf9cfa763c1e360858e330072059e10bad68531159"},
]

[[package]]
name = "py"
version = "1.11.0"
requires_python = ">=2.7, !=3.0.*, !=3.1.*, !=3.2.*, !=3.3.*, !=3.4.*"
summary = "library with cross-python path, ini-parsing, io, code, log facilities"
files = [
    {file = "py-1.11.0-py2.py3-none-any.whl", hash = "sha256:607c53218732647dff4acdfcd50cb62615cedf612e72d1724fb1a0cc6405b378"},
    {file = "py-1.11.0.tar.gz", hash = "sha256:51c75c4126074b472f746a24399ad32f6053d1b34b68d2fa41e558e6f4a98719"},
]

[[package]]
name = "pyparsing"
version = "3.0.9"
requires_python = ">=3.6.8"
summary = "pyparsing module - Classes and methods to define and execute parsing grammars"
files = [
    {file = "pyparsing-3.0.9-py3-none-any.whl", hash = "sha256:5026bae9a10eeaefb61dab2f09052b9f4307d44aee4eda64b309723d8d206bbc"},
    {file = "pyparsing-3.0.9.tar.gz", hash = "sha256:2b020ecf7d21b687f219b71ecad3631f644a47f01403fa1d1036b0c6416d70fb"},
]

[[package]]
name = "pytest"
version = "7.1.3"
requires_python = ">=3.7"
summary = "pytest: simple powerful testing with Python"
dependencies = [
    "attrs>=19.2.0",
    "colorama; sys_platform == \"win32\"",
    "iniconfig",
    "packaging",
    "pluggy<2.0,>=0.12",
    "py>=1.8.2",
    "tomli>=1.0.0",
]
files = [
    {file = "pytest-7.1.3-py3-none-any.whl", hash = "sha256:1377bda3466d70b55e3f5cecfa55bb7cfcf219c7964629b967c37cf0bda818b7"},
    {file = "pytest-7.1.3.tar.gz", hash = "sha256:4f365fec2dff9c1162f834d9f18af1ba13062db0c708bf7b946f8a5c76180c39"},
]

[[package]]
name = "tarina"
version = "0.4.0"
requires_python = ">=3.8"
summary = "A collection of common utils for Arclet"
dependencies = [
    "typing-extensions>=4.4.0",
]
files = [
    {file = "tarina-0.4.0-cp310-cp310-macosx_10_9_universal2.whl", hash = "sha256:7b22fb098677243808dc9ca7d473ab8e99de608b7cdf1c8ca044a0251a74ee35"},
    {file = "tarina-0.4.0-cp310-cp310-macosx_10_9_x86_64.whl", hash = "sha256:fac50ef657366f33f832349cee8646a12d090afd2e7a09fd6f5988c292090de9"},
    {file = "tarina-0.4.0-cp310-cp310-macosx_11_0_arm64.whl", hash = "sha256:5c3da8eafa831e5c10f34a17431f9139f9020259fd32642b9bdde8a6b3e2316f"},
    {file = "tarina-0.4.0-cp310-cp310-manylinux_2_5_i686.manylinux1_i686.manylinux_2_17_i686.manylinux2014_i686.whl", hash = "sha256:12587b8c4dfe28259bb14ebaad630f0514de0fa7706c944fb658c549073261ee"},
    {file = "tarina-0.4.0-cp310-cp310-manylinux_2_5_x86_64.manylinux1_x86_64.manylinux_2_17_x86_64.manylinux2014_x86_64.whl", hash = "sha256:f1d355f0e8854b675cb817ba2a0ba264f0d785c6232ad41b8f48b21c614484d1"},
    {file = "tarina-0.4.0-cp310-cp310-musllinux_1_1_i686.whl", hash = "sha256:d6eb7512dd8bf5bfec63b7bd5500baa3bcb80a54c9424c926310420dd807400d"},
    {file = "tarina-0.4.0-cp310-cp310-musllinux_1_1_x86_64.whl", hash = "sha256:5babb8841b20c6414238f6467b0f0fe59eec6c3d8bc4889f5e4171f669858b08"},
    {file = "tarina-0.4.0-cp310-cp310-win32.whl", hash = "sha256:ab27611bc806a15b4ce0349c1dcec6f7f5c32d6f3d6951d9aff384fd90951563"},
    {file = "tarina-0.4.0-cp310-cp310-win_amd64.whl", hash = "sha256:e1b636199a0f43e734d584b32608b1a4d1f323824962aa50ce48b9720d0f771e"},
    {file = "tarina-0.4.0-cp311-cp311-macosx_10_9_universal2.whl", hash = "sha256:e1dc2e5eeb490968a8d2bfe70a0899276b4af04b85d995b59af56540527f2f5b"},
    {file = "tarina-0.4.0-cp311-cp311-macosx_10_9_x86_64.whl", hash = "sha256:448dd1852cf212e5c7702034e40c66bc56b9d0cfa355983ec59036c26cd7970a"},
    {file = "tarina-0.4.0-cp311-cp311-macosx_11_0_arm64.whl", hash = "sha256:837317874a614869e89888d6da34e4dcb6ed58b6f1cc29b24b168b973791039d"},
    {file = "tarina-0.4.0-cp311-cp311-manylinux_2_5_i686.manylinux1_i686.manylinux_2_17_i686.manylinux2014_i686.whl", hash = "sha256:9fc8c35a6b76f17002fc631d6d9df8c601f7a28dbcccf31b0764ec20ae194c21"},
    {file = "tarina-0.4.0-cp311-cp311-manylinux_2_5_x86_64.manylinux1_x86_64.manylinux_2_17_x86_64.manylinux2014_x86_64.whl", hash = "sha256:9e2db45ebec1ac44a3300788051684b9381efd938608c60cf80855e5afdd0fc3"},
    {file = "tarina-0.4.0-cp311-cp311-musllinux_1_1_i686.whl", hash = "sha256:2b6ad24d27f4b4b2d46885a46aaf4f845d050f10858d319b1af8bd26b11fc2c5"},
    {file = "tarina-0.4.0-cp311-cp311-musllinux_1_1_x86_64.whl", hash = "sha256:1218d0e3d0fd5247f5d2500025a6aa1dff59a4e8cde3a9fccff7d51623719353"},
    {file = "tarina-0.4.0-cp311-cp311-win32.whl", hash = "sha256:b16d423fe8d57710130fb62763abff1cd2291ec2519b50665392fbe46186d2c8"},
    {file = "tarina-0.4.0-cp311-cp311-win_amd64.whl", hash = "sha256:a6656742f6af8282c9e9332085223133ea4cc453231a83dd731954982eced8e8"},
    {file = "tarina-0.4.0-cp38-cp38-macosx_10_9_universal2.whl", hash = "sha256:1c578a4d7245c1cb17151c44cc31c927668feab95ad66dbb998da4a18ee51d86"},
    {file = "tarina-0.4.0-cp38-cp38-macosx_10_9_x86_64.whl", hash = "sha256:d79fc544b411486933ce55762869b98ea0dd5c682185ac57481b3236768ae0cc"},
    {file = "tarina-0.4.0-cp38-cp38-macosx_11_0_arm64.whl", hash = "sha256:1cfebc0d26ccdb87d7aca45d5d440fec879a184b34fcfbad4554b6c34fd68ff5"},
    {file = "tarina-0.4.0-cp38-cp38-manylinux_2_5_i686.manylinux1_i686.manylinux_2_17_i686.manylinux2014_i686.whl", hash = "sha256:49f83d8438992bdc45bb537dfe0e999804355caf218b22ebac8913b4fea2a7bf"},
    {file = "tarina-0.4.0-cp38-cp38-manylinux_2_5_x86_64.manylinux1_x86_64.manylinux_2_17_x86_64.manylinux2014_x86_64.whl", hash = "sha256:b6a370de3c68caa703ec87135e9fc854d9c3386edf27fb9224da6096bd28f687"},
    {file = "tarina-0.4.0-cp38-cp38-musllinux_1_1_i686.whl", hash = "sha256:04947db7811ff018f6f50a4e40748becffb8743fa712fb72588c4b3ed0524ea9"},
    {file = "tarina-0.4.0-cp38-cp38-musllinux_1_1_x86_64.whl", hash = "sha256:3e6b88a148d5193c2ab69ca30dfe13b6a23e18cda733ff1ab436850608103765"},
    {file = "tarina-0.4.0-cp38-cp38-win32.whl", hash = "sha256:ea1d5a24989a429c9298afef11b8c13974be33d45c90a98630ebef3dfc37e42c"},
    {file = "tarina-0.4.0-cp38-cp38-win_amd64.whl", hash = "sha256:62c2c36da3098e1098ad74ca76599af5693fd83ac7a6dcf1544aa76efa8b1197"},
    {file = "tarina-0.4.0-cp39-cp39-macosx_10_9_universal2.whl", hash = "sha256:62a42e15bb3de974970799895655df0e3f6e67b39665ba8cd2424b622704d70b"},
    {file = "tarina-0.4.0-cp39-cp39-macosx_10_9_x86_64.whl", hash = "sha256:eb0f654e7fe77b4f7d195dfe88ccdc464bc93af3070e352ea88abb55c4f72b0a"},
    {file = "tarina-0.4.0-cp39-cp39-macosx_11_0_arm64.whl", hash = "sha256:841042f1e63e0ca84f135ad15d6b3dfb6b707a5dfe736edaabf92a640a410327"},
    {file = "tarina-0.4.0-cp39-cp39-manylinux_2_5_i686.manylinux1_i686.manylinux_2_17_i686.manylinux2014_i686.whl", hash = "sha256:854dad444ab416cb6c242674f955e7ca8125af9cee874a11b00f4a96645379ca"},
    {file = "tarina-0.4.0-cp39-cp39-manylinux_2_5_x86_64.manylinux1_x86_64.manylinux_2_17_x86_64.manylinux2014_x86_64.whl", hash = "sha256:ac608a37d27d56269b75340e234a906ccf8ac84f3ba6ca1ff19e55f3c9d154b9"},
    {file = "tarina-0.4.0-cp39-cp39-musllinux_1_1_i686.whl", hash = "sha256:aebe6f16c47129afe98a9c7a17595ed6247689f3995fe373ef7b4b540402185c"},
    {file = "tarina-0.4.0-cp39-cp39-musllinux_1_1_x86_64.whl", hash = "sha256:47b75a023c1d67681225f80332fef84b19a3f52441fbeaef65479a0e9870be4a"},
    {file = "tarina-0.4.0-cp39-cp39-win32.whl", hash = "sha256:08369dd40614f6a991d0d27adf48fc1250f8d8298ae157fa66a9185457873167"},
    {file = "tarina-0.4.0-cp39-cp39-win_amd64.whl", hash = "sha256:7c4bcbcc82fa3bb600ed1e0120cc59c4705600d39de0073c91f4d41577c43067"},
    {file = "tarina-0.4.0-py3-none-any.whl", hash = "sha256:ed614c4659bbbaf814b249b6b43f8b6029186dbb023bc2e933faad7af186c20b"},
    {file = "tarina-0.4.0.tar.gz", hash = "sha256:5f35ce0eba4d23cbdfd07c127b427395df061db51d343b5ce23ded31596216ce"},
]

[[package]]
name = "tokenize-rt"
version = "5.0.0"
requires_python = ">=3.7"
summary = "A wrapper around the stdlib `tokenize` which roundtrips."
files = [
    {file = "tokenize_rt-5.0.0-py2.py3-none-any.whl", hash = "sha256:c67772c662c6b3dc65edf66808577968fb10badfc2042e3027196bed4daf9e5a"},
    {file = "tokenize_rt-5.0.0.tar.gz", hash = "sha256:3160bc0c3e8491312d0485171dea861fc160a240f5f5766b72a1165408d10740"},
]

[[package]]
name = "tomli"
version = "2.0.1"
requires_python = ">=3.7"
summary = "A lil' TOML parser"
files = [
    {file = "tomli-2.0.1-py3-none-any.whl", hash = "sha256:939de3e7a6161af0c887ef91b7d41a53e7c5a1ca976325f429cb46ea9bc30ecc"},
    {file = "tomli-2.0.1.tar.gz", hash = "sha256:de526c12914f0c550d15924c62d72abc48d6fe7364aa87328337a31007fe8a4f"},
]

[[package]]
name = "typing-extensions"
version = "4.8.0"
requires_python = ">=3.8"
summary = "Backported and Experimental Type Hints for Python 3.8+"
files = [
    {file = "typing_extensions-4.8.0-py3-none-any.whl", hash = "sha256:8f92fc8806f9a6b641eaa5318da32b44d401efaac0f6678c9bc448ba3605faa0"},
    {file = "typing_extensions-4.8.0.tar.gz", hash = "sha256:df8e4339e9cb77357558cbdbceca33c303714cf861d1eef15e1070055ae8b7ef"},
]
